
Microsoft Visual Studio Solution File, Format Version 12.00
# Visual Studio Version 16
VisualStudioVersion = 16.0.32802.440
MinimumVisualStudioVersion = 10.0.40219.1
Project("{FAE04EC0-301F-11D3-BF4B-00C04F79EFBC}") = "trial 1", "trial 1\trial 1.csproj", "{5F618156-ACBD-4C4E-AA21-ED95C5AD69B8}"
EndProject
Global
	GlobalSection(SolutionConfigurationPlatforms) = preSolution
		Debug|Any CPU = Debug|Any CPU
		Release|Any CPU = Release|Any CPU
	EndGlobalSection
	GlobalSection(ProjectConfigurationPlatforms) = postSolution
		{5F618156-ACBD-4C4E-AA21-ED95C5AD69B8}.Debug|Any CPU.ActiveCfg = Debug|Any CPU
		{5F618156-ACBD-4C4E-AA21-ED95C5AD69B8}.Debug|Any CPU.Build.0 = Debug|Any CPU
		{5F618156-ACBD-4C4E-AA21-ED95C5AD69B8}.Release|Any CPU.ActiveCfg = Release|Any CPU
		{5F618156-ACBD-4C4E-AA21-ED95C5AD69B8}.Release|Any CPU.Build.0 = Release|Any CPU
	EndGlobalSection
	GlobalSection(SolutionProperties) = preSolution
		HideSolutionNode = FALSE
	EndGlobalSection
	GlobalSection(ExtensibilityGlobals) = postSolution
		SolutionGuid = {26B63F07-46F2-41DB-A61C-1F03F3D09A91}
	EndGlobalSection
EndGlobal
